// !$*UTF8*$!
{
	archiveVersion = 1;
	classes = {
	};
	objectVersion = 55;
	objects = {

/* Begin PBXBuildFile section */
		311CD116281CB6C900F94ED0 /* FirebaseAuth in Frameworks */ = {isa = PBXBuildFile; productRef = 311CD115281CB6C900F94ED0 /* FirebaseAuth */; };
		311CD118281CB6C900F94ED0 /* FirebaseAuthCombine-Community in Frameworks */ = {isa = PBXBuildFile; productRef = 311CD117281CB6C900F94ED0 /* FirebaseAuthCombine-Community */; };
		311CD11A281CB6C900F94ED0 /* FirebaseDatabase in Frameworks */ = {isa = PBXBuildFile; productRef = 311CD119281CB6C900F94ED0 /* FirebaseDatabase */; };
		311CD11C281CB6C900F94ED0 /* FirebaseDatabaseSwift-Beta in Frameworks */ = {isa = PBXBuildFile; productRef = 311CD11B281CB6C900F94ED0 /* FirebaseDatabaseSwift-Beta */; };
		311CD11E281CB6C900F94ED0 /* FirebaseFirestore in Frameworks */ = {isa = PBXBuildFile; productRef = 311CD11D281CB6C900F94ED0 /* FirebaseFirestore */; };
		311CD120281CB6C900F94ED0 /* FirebaseFirestoreCombine-Community in Frameworks */ = {isa = PBXBuildFile; productRef = 311CD11F281CB6C900F94ED0 /* FirebaseFirestoreCombine-Community */; };
		311CD122281CB6C900F94ED0 /* FirebaseFunctions in Frameworks */ = {isa = PBXBuildFile; productRef = 311CD121281CB6C900F94ED0 /* FirebaseFunctions */; };
		311CD124281CB6C900F94ED0 /* FirebaseFunctionsCombine-Community in Frameworks */ = {isa = PBXBuildFile; productRef = 311CD123281CB6C900F94ED0 /* FirebaseFunctionsCombine-Community */; };
		311CD126281CB6C900F94ED0 /* FirebaseFunctionsSwift-Beta in Frameworks */ = {isa = PBXBuildFile; productRef = 311CD125281CB6C900F94ED0 /* FirebaseFunctionsSwift-Beta */; };
		311CD128281CB6C900F94ED0 /* FirebaseInstallations in Frameworks */ = {isa = PBXBuildFile; productRef = 311CD127281CB6C900F94ED0 /* FirebaseInstallations */; };
		311CD12A281CB6C900F94ED0 /* FirebaseStorage in Frameworks */ = {isa = PBXBuildFile; productRef = 311CD129281CB6C900F94ED0 /* FirebaseStorage */; };
		311CD12C281CB6C900F94ED0 /* FirebaseStorageCombine-Community in Frameworks */ = {isa = PBXBuildFile; productRef = 311CD12B281CB6C900F94ED0 /* FirebaseStorageCombine-Community */; };
		311CD12E281CB6C900F94ED0 /* FirebaseStorageSwift-Beta in Frameworks */ = {isa = PBXBuildFile; productRef = 311CD12D281CB6C900F94ED0 /* FirebaseStorageSwift-Beta */; };
		311CD1312820CC2400F94ED0 /* ForgotViewController.swift in Sources */ = {isa = PBXBuildFile; fileRef = 311CD1302820CC2400F94ED0 /* ForgotViewController.swift */; };
		311E509127FDFD13002A64F7 /* AppDelegate.swift in Sources */ = {isa = PBXBuildFile; fileRef = 311E509027FDFD13002A64F7 /* AppDelegate.swift */; };
		311E509327FDFD13002A64F7 /* SceneDelegate.swift in Sources */ = {isa = PBXBuildFile; fileRef = 311E509227FDFD13002A64F7 /* SceneDelegate.swift */; };
		311E509527FDFD13002A64F7 /* ViewController.swift in Sources */ = {isa = PBXBuildFile; fileRef = 311E509427FDFD13002A64F7 /* ViewController.swift */; };
		311E509A27FDFD14002A64F7 /* Assets.xcassets in Resources */ = {isa = PBXBuildFile; fileRef = 311E509927FDFD14002A64F7 /* Assets.xcassets */; };
		311E509D27FDFD14002A64F7 /* LaunchScreen.storyboard in Resources */ = {isa = PBXBuildFile; fileRef = 311E509B27FDFD14002A64F7 /* LaunchScreen.storyboard */; };
		31FE1CB52819F71A00F32F09 /* LoginViewController.swift in Sources */ = {isa = PBXBuildFile; fileRef = 31FE1CB42819F71A00F32F09 /* LoginViewController.swift */; };
		31FE1CB72819FC5D00F32F09 /* CreateAccountViewController.swift in Sources */ = {isa = PBXBuildFile; fileRef = 31FE1CB62819FC5D00F32F09 /* CreateAccountViewController.swift */; };
		31FE1CB92819FC7900F32F09 /* MarketViewController.swift in Sources */ = {isa = PBXBuildFile; fileRef = 31FE1CB82819FC7900F32F09 /* MarketViewController.swift */; };
		594BED642820C8E4007F788B /* BuyNowViewController.swift in Sources */ = {isa = PBXBuildFile; fileRef = 594BED632820C8E4007F788B /* BuyNowViewController.swift */; };
		594BED662820C932007F788B /* MakeOfferViewController.swift in Sources */ = {isa = PBXBuildFile; fileRef = 594BED652820C932007F788B /* MakeOfferViewController.swift */; };
		594BED682820C984007F788B /* MessageViewController.swift in Sources */ = {isa = PBXBuildFile; fileRef = 594BED672820C984007F788B /* MessageViewController.swift */; };
		594BF052281F13970029CE4F /* ListingViewController.swift in Sources */ = {isa = PBXBuildFile; fileRef = 594BF051281F13970029CE4F /* ListingViewController.swift */; };
		594BF054281F139B0029CE4F /* ListingCollectionViewCell.swift in Sources */ = {isa = PBXBuildFile; fileRef = 594BF053281F139B0029CE4F /* ListingCollectionViewCell.swift */; };
		595D6C922824894B0001C4EC /* MarketCollectionViewCell.swift in Sources */ = {isa = PBXBuildFile; fileRef = 595D6C912824894B0001C4EC /* MarketCollectionViewCell.swift */; };
		595D6C96282492390001C4EC /* DatabaseManager.swift in Sources */ = {isa = PBXBuildFile; fileRef = 595D6C95282492390001C4EC /* DatabaseManager.swift */; };
		595D6C982824D1990001C4EC /* StorageManager.swift in Sources */ = {isa = PBXBuildFile; fileRef = 595D6C972824D1990001C4EC /* StorageManager.swift */; };
		59B2645D2822150B004F2F4F /* InboxViewController.swift in Sources */ = {isa = PBXBuildFile; fileRef = 59B2645C2822150B004F2F4F /* InboxViewController.swift */; };
		59B2645F28221532004F2F4F /* SellingViewController.swift in Sources */ = {isa = PBXBuildFile; fileRef = 59B2645E28221532004F2F4F /* SellingViewController.swift */; };
		59B2646128221541004F2F4F /* BuyingViewController.swift in Sources */ = {isa = PBXBuildFile; fileRef = 59B2646028221541004F2F4F /* BuyingViewController.swift */; };
		59DA5824281F0144002238E9 /* ProfileViewController.swift in Sources */ = {isa = PBXBuildFile; fileRef = 59DA5823281F0144002238E9 /* ProfileViewController.swift */; };
		59DA5826281F0148002238E9 /* LocationViewController.swift in Sources */ = {isa = PBXBuildFile; fileRef = 59DA5825281F0148002238E9 /* LocationViewController.swift */; };
		59DA5828281F016E002238E9 /* Product.swift in Sources */ = {isa = PBXBuildFile; fileRef = 59DA5827281F016E002238E9 /* Product.swift */; };
		59DA582A281F0181002238E9 /* Main.storyboard in Resources */ = {isa = PBXBuildFile; fileRef = 59DA5829281F0181002238E9 /* Main.storyboard */; };
		59DA582C281F06B1002238E9 /* GoogleService-Info.plist in Resources */ = {isa = PBXBuildFile; fileRef = 59DA582B281F06B1002238E9 /* GoogleService-Info.plist */; };
/* End PBXBuildFile section */

/* Begin PBXFileReference section */
		311CD1302820CC2400F94ED0 /* ForgotViewController.swift */ = {isa = PBXFileReference; lastKnownFileType = sourcecode.swift; path = ForgotViewController.swift; sourceTree = "<group>"; };
		311E508D27FDFD13002A64F7 /* CuseMarket.app */ = {isa = PBXFileReference; explicitFileType = wrapper.application; includeInIndex = 0; path = CuseMarket.app; sourceTree = BUILT_PRODUCTS_DIR; };
		311E509027FDFD13002A64F7 /* AppDelegate.swift */ = {isa = PBXFileReference; lastKnownFileType = sourcecode.swift; path = AppDelegate.swift; sourceTree = "<group>"; };
		311E509227FDFD13002A64F7 /* SceneDelegate.swift */ = {isa = PBXFileReference; lastKnownFileType = sourcecode.swift; path = SceneDelegate.swift; sourceTree = "<group>"; };
		311E509427FDFD13002A64F7 /* ViewController.swift */ = {isa = PBXFileReference; lastKnownFileType = sourcecode.swift; path = ViewController.swift; sourceTree = "<group>"; };
		311E509927FDFD14002A64F7 /* Assets.xcassets */ = {isa = PBXFileReference; lastKnownFileType = folder.assetcatalog; path = Assets.xcassets; sourceTree = "<group>"; };
		311E509C27FDFD14002A64F7 /* Base */ = {isa = PBXFileReference; lastKnownFileType = file.storyboard; name = Base; path = Base.lproj/LaunchScreen.storyboard; sourceTree = "<group>"; };
		311E509E27FDFD14002A64F7 /* Info.plist */ = {isa = PBXFileReference; lastKnownFileType = text.plist.xml; path = Info.plist; sourceTree = "<group>"; };
		31FE1CB42819F71A00F32F09 /* LoginViewController.swift */ = {isa = PBXFileReference; lastKnownFileType = sourcecode.swift; path = LoginViewController.swift; sourceTree = "<group>"; };
		31FE1CB62819FC5D00F32F09 /* CreateAccountViewController.swift */ = {isa = PBXFileReference; lastKnownFileType = sourcecode.swift; path = CreateAccountViewController.swift; sourceTree = "<group>"; };
		31FE1CB82819FC7900F32F09 /* MarketViewController.swift */ = {isa = PBXFileReference; lastKnownFileType = sourcecode.swift; path = MarketViewController.swift; sourceTree = "<group>"; };
		594BED632820C8E4007F788B /* BuyNowViewController.swift */ = {isa = PBXFileReference; lastKnownFileType = sourcecode.swift; path = BuyNowViewController.swift; sourceTree = "<group>"; };
		594BED652820C932007F788B /* MakeOfferViewController.swift */ = {isa = PBXFileReference; lastKnownFileType = sourcecode.swift; path = MakeOfferViewController.swift; sourceTree = "<group>"; };
		594BED672820C984007F788B /* MessageViewController.swift */ = {isa = PBXFileReference; lastKnownFileType = sourcecode.swift; path = MessageViewController.swift; sourceTree = "<group>"; };
		594BF051281F13970029CE4F /* ListingViewController.swift */ = {isa = PBXFileReference; fileEncoding = 4; lastKnownFileType = sourcecode.swift; path = ListingViewController.swift; sourceTree = "<group>"; };
		594BF053281F139B0029CE4F /* ListingCollectionViewCell.swift */ = {isa = PBXFileReference; fileEncoding = 4; lastKnownFileType = sourcecode.swift; path = ListingCollectionViewCell.swift; sourceTree = "<group>"; };
		595D6C912824894B0001C4EC /* MarketCollectionViewCell.swift */ = {isa = PBXFileReference; lastKnownFileType = sourcecode.swift; path = MarketCollectionViewCell.swift; sourceTree = "<group>"; };
		595D6C95282492390001C4EC /* DatabaseManager.swift */ = {isa = PBXFileReference; lastKnownFileType = sourcecode.swift; name = DatabaseManager.swift; path = "Product Scene/DatabaseManager.swift"; sourceTree = "<group>"; };
		595D6C972824D1990001C4EC /* StorageManager.swift */ = {isa = PBXFileReference; lastKnownFileType = sourcecode.swift; path = StorageManager.swift; sourceTree = "<group>"; };
		59B2645C2822150B004F2F4F /* InboxViewController.swift */ = {isa = PBXFileReference; lastKnownFileType = sourcecode.swift; path = InboxViewController.swift; sourceTree = "<group>"; };
		59B2645E28221532004F2F4F /* SellingViewController.swift */ = {isa = PBXFileReference; lastKnownFileType = sourcecode.swift; path = SellingViewController.swift; sourceTree = "<group>"; };
		59B2646028221541004F2F4F /* BuyingViewController.swift */ = {isa = PBXFileReference; lastKnownFileType = sourcecode.swift; path = BuyingViewController.swift; sourceTree = "<group>"; };
		59DA5821281F0122002238E9 /* ProductViewController.swift */ = {isa = PBXFileReference; lastKnownFileType = sourcecode.swift; path = ProductViewController.swift; sourceTree = "<group>"; };
		59DA5822281F0122002238E9 /* ProductCollectionViewCell.swift */ = {isa = PBXFileReference; lastKnownFileType = sourcecode.swift; path = ProductCollectionViewCell.swift; sourceTree = "<group>"; };
		59DA5823281F0144002238E9 /* ProfileViewController.swift */ = {isa = PBXFileReference; fileEncoding = 4; lastKnownFileType = sourcecode.swift; path = ProfileViewController.swift; sourceTree = "<group>"; };
		59DA5825281F0148002238E9 /* LocationViewController.swift */ = {isa = PBXFileReference; fileEncoding = 4; lastKnownFileType = sourcecode.swift; path = LocationViewController.swift; sourceTree = "<group>"; };
		59DA5827281F016E002238E9 /* Product.swift */ = {isa = PBXFileReference; fileEncoding = 4; lastKnownFileType = sourcecode.swift; path = Product.swift; sourceTree = "<group>"; };
		59DA5829281F0181002238E9 /* Main.storyboard */ = {isa = PBXFileReference; fileEncoding = 4; lastKnownFileType = file.storyboard; name = Main.storyboard; path = Base.lproj/Main.storyboard; sourceTree = "<group>"; };
		59DA582B281F06B1002238E9 /* GoogleService-Info.plist */ = {isa = PBXFileReference; lastKnownFileType = text.plist; path = "GoogleService-Info.plist"; sourceTree = SOURCE_ROOT; };
/* End PBXFileReference section */

/* Begin PBXFrameworksBuildPhase section */
		311E508A27FDFD13002A64F7 /* Frameworks */ = {
			isa = PBXFrameworksBuildPhase;
			buildActionMask = 2147483647;
			files = (
				311CD11A281CB6C900F94ED0 /* FirebaseDatabase in Frameworks */,
				311CD126281CB6C900F94ED0 /* FirebaseFunctionsSwift-Beta in Frameworks */,
				311CD122281CB6C900F94ED0 /* FirebaseFunctions in Frameworks */,
				311CD116281CB6C900F94ED0 /* FirebaseAuth in Frameworks */,
				311CD11C281CB6C900F94ED0 /* FirebaseDatabaseSwift-Beta in Frameworks */,
				311CD120281CB6C900F94ED0 /* FirebaseFirestoreCombine-Community in Frameworks */,
				311CD11E281CB6C900F94ED0 /* FirebaseFirestore in Frameworks */,
				311CD12E281CB6C900F94ED0 /* FirebaseStorageSwift-Beta in Frameworks */,
				311CD118281CB6C900F94ED0 /* FirebaseAuthCombine-Community in Frameworks */,
				311CD12A281CB6C900F94ED0 /* FirebaseStorage in Frameworks */,
				311CD124281CB6C900F94ED0 /* FirebaseFunctionsCombine-Community in Frameworks */,
				311CD12C281CB6C900F94ED0 /* FirebaseStorageCombine-Community in Frameworks */,
				311CD128281CB6C900F94ED0 /* FirebaseInstallations in Frameworks */,
			);
			runOnlyForDeploymentPostprocessing = 0;
		};
/* End PBXFrameworksBuildPhase section */

/* Begin PBXGroup section */
		311CD12F2820C37D00F94ED0 /* Login System Scene */ = {
			isa = PBXGroup;
			children = (
				31FE1CB42819F71A00F32F09 /* LoginViewController.swift */,
				31FE1CB62819FC5D00F32F09 /* CreateAccountViewController.swift */,
				311CD1302820CC2400F94ED0 /* ForgotViewController.swift */,
			);
			path = "Login System Scene";
			sourceTree = "<group>";
		};
		311CD1322820D34600F94ED0 /* Delegates */ = {
			isa = PBXGroup;
			children = (
				311E509227FDFD13002A64F7 /* SceneDelegate.swift */,
				311E509027FDFD13002A64F7 /* AppDelegate.swift */,
			);
			path = Delegates;
			sourceTree = "<group>";
		};
		311CD1332820D35F00F94ED0 /* Profile Scene */ = {
			isa = PBXGroup;
			children = (
				59DA5825281F0148002238E9 /* LocationViewController.swift */,
				59DA5823281F0144002238E9 /* ProfileViewController.swift */,
				59B2645C2822150B004F2F4F /* InboxViewController.swift */,
				59B2645E28221532004F2F4F /* SellingViewController.swift */,
				59B2646028221541004F2F4F /* BuyingViewController.swift */,
			);
			path = "Profile Scene";
			sourceTree = "<group>";
		};
		311E508427FDFD13002A64F7 = {
			isa = PBXGroup;
			children = (
				311E508F27FDFD13002A64F7 /* CuseMarket */,
				311E508E27FDFD13002A64F7 /* Products */,
			);
			sourceTree = "<group>";
		};
		311E508E27FDFD13002A64F7 /* Products */ = {
			isa = PBXGroup;
			children = (
				311E508D27FDFD13002A64F7 /* CuseMarket.app */,
			);
			name = Products;
			sourceTree = "<group>";
		};
		311E508F27FDFD13002A64F7 /* CuseMarket */ = {
			isa = PBXGroup;
			children = (
				595D6C95282492390001C4EC /* DatabaseManager.swift */,
				595D6C972824D1990001C4EC /* StorageManager.swift */,
				311CD1322820D34600F94ED0 /* Delegates */,
				311CD12F2820C37D00F94ED0 /* Login System Scene */,
				595D6C942824896F0001C4EC /* Market Scene */,
				594BF055281F14570029CE4F /* Listing Scene */,
				59DA5820281F0122002238E9 /* Product Scene */,
				311CD1332820D35F00F94ED0 /* Profile Scene */,
				59DA5829281F0181002238E9 /* Main.storyboard */,
				311E509927FDFD14002A64F7 /* Assets.xcassets */,
				311E509B27FDFD14002A64F7 /* LaunchScreen.storyboard */,
				59DA582B281F06B1002238E9 /* GoogleService-Info.plist */,
				311E509E27FDFD14002A64F7 /* Info.plist */,
			);
			path = CuseMarket;
			sourceTree = "<group>";
		};
		594BF055281F14570029CE4F /* Listing Scene */ = {
			isa = PBXGroup;
			children = (
				594BF051281F13970029CE4F /* ListingViewController.swift */,
				594BF053281F139B0029CE4F /* ListingCollectionViewCell.swift */,
			);
			path = "Listing Scene";
			sourceTree = "<group>";
		};
		595D6C942824896F0001C4EC /* Market Scene */ = {
			isa = PBXGroup;
			children = (
				31FE1CB82819FC7900F32F09 /* MarketViewController.swift */,
				595D6C912824894B0001C4EC /* MarketCollectionViewCell.swift */,
			);
			path = "Market Scene";
			sourceTree = "<group>";
		};
		59DA5820281F0122002238E9 /* Product Scene */ = {
			isa = PBXGroup;
			children = (
				311E509427FDFD13002A64F7 /* ViewController.swift */,
				59DA5827281F016E002238E9 /* Product.swift */,
				59DA5821281F0122002238E9 /* ProductViewController.swift */,
				59DA5822281F0122002238E9 /* ProductCollectionViewCell.swift */,
				594BED632820C8E4007F788B /* BuyNowViewController.swift */,
				594BED652820C932007F788B /* MakeOfferViewController.swift */,
				594BED672820C984007F788B /* MessageViewController.swift */,
			);
			path = "Product Scene";
			sourceTree = "<group>";
		};
/* End PBXGroup section */

/* Begin PBXNativeTarget section */
		311E508C27FDFD13002A64F7 /* CuseMarket */ = {
			isa = PBXNativeTarget;
			buildConfigurationList = 311E50A127FDFD14002A64F7 /* Build configuration list for PBXNativeTarget "CuseMarket" */;
			buildPhases = (
				311E508927FDFD13002A64F7 /* Sources */,
				311E508A27FDFD13002A64F7 /* Frameworks */,
				311E508B27FDFD13002A64F7 /* Resources */,
			);
			buildRules = (
			);
			dependencies = (
			);
			name = CuseMarket;
			packageProductDependencies = (
				311CD115281CB6C900F94ED0 /* FirebaseAuth */,
				311CD117281CB6C900F94ED0 /* FirebaseAuthCombine-Community */,
				311CD119281CB6C900F94ED0 /* FirebaseDatabase */,
				311CD11B281CB6C900F94ED0 /* FirebaseDatabaseSwift-Beta */,
				311CD11D281CB6C900F94ED0 /* FirebaseFirestore */,
				311CD11F281CB6C900F94ED0 /* FirebaseFirestoreCombine-Community */,
				311CD121281CB6C900F94ED0 /* FirebaseFunctions */,
				311CD123281CB6C900F94ED0 /* FirebaseFunctionsCombine-Community */,
				311CD125281CB6C900F94ED0 /* FirebaseFunctionsSwift-Beta */,
				311CD127281CB6C900F94ED0 /* FirebaseInstallations */,
				311CD129281CB6C900F94ED0 /* FirebaseStorage */,
				311CD12B281CB6C900F94ED0 /* FirebaseStorageCombine-Community */,
				311CD12D281CB6C900F94ED0 /* FirebaseStorageSwift-Beta */,
			);
			productName = CuseMarket;
			productReference = 311E508D27FDFD13002A64F7 /* CuseMarket.app */;
			productType = "com.apple.product-type.application";
		};
/* End PBXNativeTarget section */

/* Begin PBXProject section */
		311E508527FDFD13002A64F7 /* Project object */ = {
			isa = PBXProject;
			attributes = {
				BuildIndependentTargetsInParallel = 1;
				LastSwiftUpdateCheck = 1320;
				LastUpgradeCheck = 1320;
				TargetAttributes = {
					311E508C27FDFD13002A64F7 = {
						CreatedOnToolsVersion = 13.2.1;
					};
				};
			};
			buildConfigurationList = 311E508827FDFD13002A64F7 /* Build configuration list for PBXProject "CuseMarket" */;
			compatibilityVersion = "Xcode 13.0";
			developmentRegion = en;
			hasScannedForEncodings = 0;
			knownRegions = (
				en,
				Base,
			);
			mainGroup = 311E508427FDFD13002A64F7;
			packageReferences = (
				311CD114281CB6C900F94ED0 /* XCRemoteSwiftPackageReference "firebase-ios-sdk" */,
			);
			productRefGroup = 311E508E27FDFD13002A64F7 /* Products */;
			projectDirPath = "";
			projectRoot = "";
			targets = (
				311E508C27FDFD13002A64F7 /* CuseMarket */,
			);
		};
/* End PBXProject section */

/* Begin PBXResourcesBuildPhase section */
		311E508B27FDFD13002A64F7 /* Resources */ = {
			isa = PBXResourcesBuildPhase;
			buildActionMask = 2147483647;
			files = (
				59DA582A281F0181002238E9 /* Main.storyboard in Resources */,
				59DA582C281F06B1002238E9 /* GoogleService-Info.plist in Resources */,
				311E509D27FDFD14002A64F7 /* LaunchScreen.storyboard in Resources */,
				311E509A27FDFD14002A64F7 /* Assets.xcassets in Resources */,
			);
			runOnlyForDeploymentPostprocessing = 0;
		};
/* End PBXResourcesBuildPhase section */

/* Begin PBXSourcesBuildPhase section */
		311E508927FDFD13002A64F7 /* Sources */ = {
			isa = PBXSourcesBuildPhase;
			buildActionMask = 2147483647;
			files = (
				594BED682820C984007F788B /* MessageViewController.swift in Sources */,
				31FE1CB72819FC5D00F32F09 /* CreateAccountViewController.swift in Sources */,
				31FE1CB52819F71A00F32F09 /* LoginViewController.swift in Sources */,
				595D6C982824D1990001C4EC /* StorageManager.swift in Sources */,
				59B2645D2822150B004F2F4F /* InboxViewController.swift in Sources */,
				594BED662820C932007F788B /* MakeOfferViewController.swift in Sources */,
				59B2645F28221532004F2F4F /* SellingViewController.swift in Sources */,
				59B2646128221541004F2F4F /* BuyingViewController.swift in Sources */,
				594BF054281F139B0029CE4F /* ListingCollectionViewCell.swift in Sources */,
				59DA5828281F016E002238E9 /* Product.swift in Sources */,
				311E509527FDFD13002A64F7 /* ViewController.swift in Sources */,
				311CD1312820CC2400F94ED0 /* ForgotViewController.swift in Sources */,
				311E509127FDFD13002A64F7 /* AppDelegate.swift in Sources */,
				595D6C96282492390001C4EC /* DatabaseManager.swift in Sources */,
				59DA5824281F0144002238E9 /* ProfileViewController.swift in Sources */,
				31FE1CB92819FC7900F32F09 /* MarketViewController.swift in Sources */,
				594BED642820C8E4007F788B /* BuyNowViewController.swift in Sources */,
				311E509327FDFD13002A64F7 /* SceneDelegate.swift in Sources */,
				59DA5826281F0148002238E9 /* LocationViewController.swift in Sources */,
				594BF052281F13970029CE4F /* ListingViewController.swift in Sources */,
				595D6C922824894B0001C4EC /* MarketCollectionViewCell.swift in Sources */,
			);
			runOnlyForDeploymentPostprocessing = 0;
		};
/* End PBXSourcesBuildPhase section */

/* Begin PBXVariantGroup section */
		311E509B27FDFD14002A64F7 /* LaunchScreen.storyboard */ = {
			isa = PBXVariantGroup;
			children = (
				311E509C27FDFD14002A64F7 /* Base */,
			);
			name = LaunchScreen.storyboard;
			sourceTree = "<group>";
		};
/* End PBXVariantGroup section */

/* Begin XCBuildConfiguration section */
		311E509F27FDFD14002A64F7 /* Debug */ = {
			isa = XCBuildConfiguration;
			buildSettings = {
				ALWAYS_SEARCH_USER_PATHS = NO;
				CLANG_ANALYZER_NONNULL = YES;
				CLANG_ANALYZER_NUMBER_OBJECT_CONVERSION = YES_AGGRESSIVE;
				CLANG_CXX_LANGUAGE_STANDARD = "gnu++17";
				CLANG_CXX_LIBRARY = "libc++";
				CLANG_ENABLE_MODULES = YES;
				CLANG_ENABLE_OBJC_ARC = YES;
				CLANG_ENABLE_OBJC_WEAK = YES;
				CLANG_WARN_BLOCK_CAPTURE_AUTORELEASING = YES;
				CLANG_WARN_BOOL_CONVERSION = YES;
				CLANG_WARN_COMMA = YES;
				CLANG_WARN_CONSTANT_CONVERSION = YES;
				CLANG_WARN_DEPRECATED_OBJC_IMPLEMENTATIONS = YES;
				CLANG_WARN_DIRECT_OBJC_ISA_USAGE = YES_ERROR;
				CLANG_WARN_DOCUMENTATION_COMMENTS = YES;
				CLANG_WARN_EMPTY_BODY = YES;
				CLANG_WARN_ENUM_CONVERSION = YES;
				CLANG_WARN_INFINITE_RECURSION = YES;
				CLANG_WARN_INT_CONVERSION = YES;
				CLANG_WARN_NON_LITERAL_NULL_CONVERSION = YES;
				CLANG_WARN_OBJC_IMPLICIT_RETAIN_SELF = YES;
				CLANG_WARN_OBJC_LITERAL_CONVERSION = YES;
				CLANG_WARN_OBJC_ROOT_CLASS = YES_ERROR;
				CLANG_WARN_QUOTED_INCLUDE_IN_FRAMEWORK_HEADER = YES;
				CLANG_WARN_RANGE_LOOP_ANALYSIS = YES;
				CLANG_WARN_STRICT_PROTOTYPES = YES;
				CLANG_WARN_SUSPICIOUS_MOVE = YES;
				CLANG_WARN_UNGUARDED_AVAILABILITY = YES_AGGRESSIVE;
				CLANG_WARN_UNREACHABLE_CODE = YES;
				CLANG_WARN__DUPLICATE_METHOD_MATCH = YES;
				COPY_PHASE_STRIP = NO;
				DEBUG_INFORMATION_FORMAT = dwarf;
				ENABLE_STRICT_OBJC_MSGSEND = YES;
				ENABLE_TESTABILITY = YES;
				GCC_C_LANGUAGE_STANDARD = gnu11;
				GCC_DYNAMIC_NO_PIC = NO;
				GCC_NO_COMMON_BLOCKS = YES;
				GCC_OPTIMIZATION_LEVEL = 0;
				GCC_PREPROCESSOR_DEFINITIONS = (
					"DEBUG=1",
					"$(inherited)",
				);
				GCC_WARN_64_TO_32_BIT_CONVERSION = YES;
				GCC_WARN_ABOUT_RETURN_TYPE = YES_ERROR;
				GCC_WARN_UNDECLARED_SELECTOR = YES;
				GCC_WARN_UNINITIALIZED_AUTOS = YES_AGGRESSIVE;
				GCC_WARN_UNUSED_FUNCTION = YES;
				GCC_WARN_UNUSED_VARIABLE = YES;
				IPHONEOS_DEPLOYMENT_TARGET = 15.2;
				MTL_ENABLE_DEBUG_INFO = INCLUDE_SOURCE;
				MTL_FAST_MATH = YES;
				ONLY_ACTIVE_ARCH = YES;
				SDKROOT = iphoneos;
				SWIFT_ACTIVE_COMPILATION_CONDITIONS = DEBUG;
				SWIFT_OPTIMIZATION_LEVEL = "-Onone";
			};
			name = Debug;
		};
		311E50A027FDFD14002A64F7 /* Release */ = {
			isa = XCBuildConfiguration;
			buildSettings = {
				ALWAYS_SEARCH_USER_PATHS = NO;
				CLANG_ANALYZER_NONNULL = YES;
				CLANG_ANALYZER_NUMBER_OBJECT_CONVERSION = YES_AGGRESSIVE;
				CLANG_CXX_LANGUAGE_STANDARD = "gnu++17";
				CLANG_CXX_LIBRARY = "libc++";
				CLANG_ENABLE_MODULES = YES;
				CLANG_ENABLE_OBJC_ARC = YES;
				CLANG_ENABLE_OBJC_WEAK = YES;
				CLANG_WARN_BLOCK_CAPTURE_AUTORELEASING = YES;
				CLANG_WARN_BOOL_CONVERSION = YES;
				CLANG_WARN_COMMA = YES;
				CLANG_WARN_CONSTANT_CONVERSION = YES;
				CLANG_WARN_DEPRECATED_OBJC_IMPLEMENTATIONS = YES;
				CLANG_WARN_DIRECT_OBJC_ISA_USAGE = YES_ERROR;
				CLANG_WARN_DOCUMENTATION_COMMENTS = YES;
				CLANG_WARN_EMPTY_BODY = YES;
				CLANG_WARN_ENUM_CONVERSION = YES;
				CLANG_WARN_INFINITE_RECURSION = YES;
				CLANG_WARN_INT_CONVERSION = YES;
				CLANG_WARN_NON_LITERAL_NULL_CONVERSION = YES;
				CLANG_WARN_OBJC_IMPLICIT_RETAIN_SELF = YES;
				CLANG_WARN_OBJC_LITERAL_CONVERSION = YES;
				CLANG_WARN_OBJC_ROOT_CLASS = YES_ERROR;
				CLANG_WARN_QUOTED_INCLUDE_IN_FRAMEWORK_HEADER = YES;
				CLANG_WARN_RANGE_LOOP_ANALYSIS = YES;
				CLANG_WARN_STRICT_PROTOTYPES = YES;
				CLANG_WARN_SUSPICIOUS_MOVE = YES;
				CLANG_WARN_UNGUARDED_AVAILABILITY = YES_AGGRESSIVE;
				CLANG_WARN_UNREACHABLE_CODE = YES;
				CLANG_WARN__DUPLICATE_METHOD_MATCH = YES;
				COPY_PHASE_STRIP = NO;
				DEBUG_INFORMATION_FORMAT = "dwarf-with-dsym";
				ENABLE_NS_ASSERTIONS = NO;
				ENABLE_STRICT_OBJC_MSGSEND = YES;
				GCC_C_LANGUAGE_STANDARD = gnu11;
				GCC_NO_COMMON_BLOCKS = YES;
				GCC_WARN_64_TO_32_BIT_CONVERSION = YES;
				GCC_WARN_ABOUT_RETURN_TYPE = YES_ERROR;
				GCC_WARN_UNDECLARED_SELECTOR = YES;
				GCC_WARN_UNINITIALIZED_AUTOS = YES_AGGRESSIVE;
				GCC_WARN_UNUSED_FUNCTION = YES;
				GCC_WARN_UNUSED_VARIABLE = YES;
				IPHONEOS_DEPLOYMENT_TARGET = 15.2;
				MTL_ENABLE_DEBUG_INFO = NO;
				MTL_FAST_MATH = YES;
				SDKROOT = iphoneos;
				SWIFT_COMPILATION_MODE = wholemodule;
				SWIFT_OPTIMIZATION_LEVEL = "-O";
				VALIDATE_PRODUCT = YES;
			};
			name = Release;
		};
		311E50A227FDFD14002A64F7 /* Debug */ = {
			isa = XCBuildConfiguration;
			buildSettings = {
				ASSETCATALOG_COMPILER_APPICON_NAME = AppIcon;
				ASSETCATALOG_COMPILER_GLOBAL_ACCENT_COLOR_NAME = AccentColor;
				CODE_SIGN_STYLE = Automatic;
				CURRENT_PROJECT_VERSION = 1;
				DEVELOPMENT_TEAM = Q8T3P5BQMK;
				GENERATE_INFOPLIST_FILE = YES;
				INFOPLIST_FILE = CuseMarket/Info.plist;
				INFOPLIST_KEY_UIApplicationSupportsIndirectInputEvents = YES;
				INFOPLIST_KEY_UILaunchStoryboardName = LaunchScreen;
				INFOPLIST_KEY_UIMainStoryboardFile = Main;
				INFOPLIST_KEY_UISupportedInterfaceOrientations_iPad = "UIInterfaceOrientationPortrait UIInterfaceOrientationPortraitUpsideDown UIInterfaceOrientationLandscapeLeft UIInterfaceOrientationLandscapeRight";
				INFOPLIST_KEY_UISupportedInterfaceOrientations_iPhone = "UIInterfaceOrientationPortrait UIInterfaceOrientationLandscapeLeft UIInterfaceOrientationLandscapeRight";
				LD_RUNPATH_SEARCH_PATHS = (
					"$(inherited)",
					"@executable_path/Frameworks",
				);
				MARKETING_VERSION = 1.0;
				PRODUCT_BUNDLE_IDENTIFIER = edu.syr.amboyce.CuseMarket;
				PRODUCT_NAME = "$(TARGET_NAME)";
				SWIFT_EMIT_LOC_STRINGS = YES;
				SWIFT_VERSION = 5.0;
				TARGETED_DEVICE_FAMILY = "1,2";
			};
			name = Debug;
		};
		311E50A327FDFD14002A64F7 /* Release */ = {
			isa = XCBuildConfiguration;
			buildSettings = {
				ASSETCATALOG_COMPILER_APPICON_NAME = AppIcon;
				ASSETCATALOG_COMPILER_GLOBAL_ACCENT_COLOR_NAME = AccentColor;
				CODE_SIGN_STYLE = Automatic;
				CURRENT_PROJECT_VERSION = 1;
				DEVELOPMENT_TEAM = Q8T3P5BQMK;
				GENERATE_INFOPLIST_FILE = YES;
				INFOPLIST_FILE = CuseMarket/Info.plist;
				INFOPLIST_KEY_UIApplicationSupportsIndirectInputEvents = YES;
				INFOPLIST_KEY_UILaunchStoryboardName = LaunchScreen;
				INFOPLIST_KEY_UIMainStoryboardFile = Main;
				INFOPLIST_KEY_UISupportedInterfaceOrientations_iPad = "UIInterfaceOrientationPortrait UIInterfaceOrientationPortraitUpsideDown UIInterfaceOrientationLandscapeLeft UIInterfaceOrientationLandscapeRight";
				INFOPLIST_KEY_UISupportedInterfaceOrientations_iPhone = "UIInterfaceOrientationPortrait UIInterfaceOrientationLandscapeLeft UIInterfaceOrientationLandscapeRight";
				LD_RUNPATH_SEARCH_PATHS = (
					"$(inherited)",
					"@executable_path/Frameworks",
				);
				MARKETING_VERSION = 1.0;
				PRODUCT_BUNDLE_IDENTIFIER = edu.syr.amboyce.CuseMarket;
				PRODUCT_NAME = "$(TARGET_NAME)";
				SWIFT_EMIT_LOC_STRINGS = YES;
				SWIFT_VERSION = 5.0;
				TARGETED_DEVICE_FAMILY = "1,2";
			};
			name = Release;
		};
/* End XCBuildConfiguration section */

/* Begin XCConfigurationList section */
		311E508827FDFD13002A64F7 /* Build configuration list for PBXProject "CuseMarket" */ = {
			isa = XCConfigurationList;
			buildConfigurations = (
				311E509F27FDFD14002A64F7 /* Debug */,
				311E50A027FDFD14002A64F7 /* Release */,
			);
			defaultConfigurationIsVisible = 0;
			defaultConfigurationName = Release;
		};
		311E50A127FDFD14002A64F7 /* Build configuration list for PBXNativeTarget "CuseMarket" */ = {
			isa = XCConfigurationList;
			buildConfigurations = (
				311E50A227FDFD14002A64F7 /* Debug */,
				311E50A327FDFD14002A64F7 /* Release */,
			);
			defaultConfigurationIsVisible = 0;
			defaultConfigurationName = Release;
		};
/* End XCConfigurationList section */

/* Begin XCRemoteSwiftPackageReference section */
		311CD114281CB6C900F94ED0 /* XCRemoteSwiftPackageReference "firebase-ios-sdk" */ = {
			isa = XCRemoteSwiftPackageReference;
			repositoryURL = "https://github.com/firebase/firebase-ios-sdk";
			requirement = {
				kind = upToNextMajorVersion;
				minimumVersion = 8.0.0;
			};
		};
/* End XCRemoteSwiftPackageReference section */

/* Begin XCSwiftPackageProductDependency section */
		311CD115281CB6C900F94ED0 /* FirebaseAuth */ = {
			isa = XCSwiftPackageProductDependency;
			package = 311CD114281CB6C900F94ED0 /* XCRemoteSwiftPackageReference "firebase-ios-sdk" */;
			productName = FirebaseAuth;
		};
		311CD117281CB6C900F94ED0 /* FirebaseAuthCombine-Community */ = {
			isa = XCSwiftPackageProductDependency;
			package = 311CD114281CB6C900F94ED0 /* XCRemoteSwiftPackageReference "firebase-ios-sdk" */;
			productName = "FirebaseAuthCombine-Community";
		};
		311CD119281CB6C900F94ED0 /* FirebaseDatabase */ = {
			isa = XCSwiftPackageProductDependency;
			package = 311CD114281CB6C900F94ED0 /* XCRemoteSwiftPackageReference "firebase-ios-sdk" */;
			productName = FirebaseDatabase;
		};
		311CD11B281CB6C900F94ED0 /* FirebaseDatabaseSwift-Beta */ = {
			isa = XCSwiftPackageProductDependency;
			package = 311CD114281CB6C900F94ED0 /* XCRemoteSwiftPackageReference "firebase-ios-sdk" */;
			productName = "FirebaseDatabaseSwift-Beta";
		};
		311CD11D281CB6C900F94ED0 /* FirebaseFirestore */ = {
			isa = XCSwiftPackageProductDependency;
			package = 311CD114281CB6C900F94ED0 /* XCRemoteSwiftPackageReference "firebase-ios-sdk" */;
			productName = FirebaseFirestore;
		};
		311CD11F281CB6C900F94ED0 /* FirebaseFirestoreCombine-Community */ = {
			isa = XCSwiftPackageProductDependency;
			package = 311CD114281CB6C900F94ED0 /* XCRemoteSwiftPackageReference "firebase-ios-sdk" */;
			productName = "FirebaseFirestoreCombine-Community";
		};
		311CD121281CB6C900F94ED0 /* FirebaseFunctions */ = {
			isa = XCSwiftPackageProductDependency;
			package = 311CD114281CB6C900F94ED0 /* XCRemoteSwiftPackageReference "firebase-ios-sdk" */;
			productName = FirebaseFunctions;
		};
		311CD123281CB6C900F94ED0 /* FirebaseFunctionsCombine-Community */ = {
			isa = XCSwiftPackageProductDependency;
			package = 311CD114281CB6C900F94ED0 /* XCRemoteSwiftPackageReference "firebase-ios-sdk" */;
			productName = "FirebaseFunctionsCombine-Community";
		};
		311CD125281CB6C900F94ED0 /* FirebaseFunctionsSwift-Beta */ = {
			isa = XCSwiftPackageProductDependency;
			package = 311CD114281CB6C900F94ED0 /* XCRemoteSwiftPackageReference "firebase-ios-sdk" */;
			productName = "FirebaseFunctionsSwift-Beta";
		};
		311CD127281CB6C900F94ED0 /* FirebaseInstallations */ = {
			isa = XCSwiftPackageProductDependency;
			package = 311CD114281CB6C900F94ED0 /* XCRemoteSwiftPackageReference "firebase-ios-sdk" */;
			productName = FirebaseInstallations;
		};
		311CD129281CB6C900F94ED0 /* FirebaseStorage */ = {
			isa = XCSwiftPackageProductDependency;
			package = 311CD114281CB6C900F94ED0 /* XCRemoteSwiftPackageReference "firebase-ios-sdk" */;
			productName = FirebaseStorage;
		};
		311CD12B281CB6C900F94ED0 /* FirebaseStorageCombine-Community */ = {
			isa = XCSwiftPackageProductDependency;
			package = 311CD114281CB6C900F94ED0 /* XCRemoteSwiftPackageReference "firebase-ios-sdk" */;
			productName = "FirebaseStorageCombine-Community";
		};
		311CD12D281CB6C900F94ED0 /* FirebaseStorageSwift-Beta */ = {
			isa = XCSwiftPackageProductDependency;
			package = 311CD114281CB6C900F94ED0 /* XCRemoteSwiftPackageReference "firebase-ios-sdk" */;
			productName = "FirebaseStorageSwift-Beta";
		};
/* End XCSwiftPackageProductDependency section */
	};
	rootObject = 311E508527FDFD13002A64F7 /* Project object */;
}
